
Microsoft Visual Studio Solution File, Format Version 12.00
# Visual Studio Version 16
VisualStudioVersion = 16.0.31515.178
MinimumVisualStudioVersion = 10.0.40219.1
Project("{FAE04EC0-301F-11D3-BF4B-00C04F79EFBC}") = "SACTicketFormatter3.0", "SACTicketFormatter3.0.csproj", "{0DFFE64C-4E88-44C8-9390-5D89D4097D8B}"
EndProject
Global
	GlobalSection(SolutionConfigurationPlatforms) = preSolution
		Debug|Any CPU = Debug|Any CPU
		Release|Any CPU = Release|Any CPU
	EndGlobalSection
	GlobalSection(ProjectConfigurationPlatforms) = postSolution
		{0DFFE64C-4E88-44C8-9390-5D89D4097D8B}.Debug|Any CPU.ActiveCfg = Release|Any CPU
		{0DFFE64C-4E88-44C8-9390-5D89D4097D8B}.Debug|Any CPU.Build.0 = Release|Any CPU
		{0DFFE64C-4E88-44C8-9390-5D89D4097D8B}.Release|Any CPU.ActiveCfg = Release|Any CPU
		{0DFFE64C-4E88-44C8-9390-5D89D4097D8B}.Release|Any CPU.Build.0 = Release|Any CPU
	EndGlobalSection
	GlobalSection(SolutionProperties) = preSolution
		HideSolutionNode = FALSE
	EndGlobalSection
	GlobalSection(ExtensibilityGlobals) = postSolution
		SolutionGuid = {448731F8-F4F8-43DC-94A4-7959A37B1386}
	EndGlobalSection
EndGlobal
